Microsoft Visual Studio Solution File, Format Version 11.00
# Visual Studio 2010
Project("{FAE04EC0-301F-11D3-BF4B-00C04F79EFBC}") = "ConsoleClock", "ConsoleClock.csproj", "{ED2EEE59-FA12-4D7E-8FE5-1C95A22A6045}"
EndProject
Global
	GlobalSection(SolutionConfigurationPlatforms) = preSolution
		Debug|Any CPU = Debug|Any CPU
		Release|Any CPU = Release|Any CPU
	EndGlobalSection
	GlobalSection(ProjectConfigurationPlatforms) = postSolution
		{ED2EEE59-FA12-4D7E-8FE5-1C95A22A6045}.Debug|Any CPU.ActiveCfg = Debug|Any CPU
		{ED2EEE59-FA12-4D7E-8FE5-1C95A22A6045}.Debug|Any CPU.Build.0 = Debug|Any CPU
		{ED2EEE59-FA12-4D7E-8FE5-1C95A22A6045}.Release|Any CPU.ActiveCfg = Release|Any CPU
		{ED2EEE59-FA12-4D7E-8FE5-1C95A22A6045}.Release|Any CPU.Build.0 = Release|Any CPU
	EndGlobalSection
	GlobalSection(SolutionProperties) = preSolution
		HideSolutionNode = FALSE
	EndGlobalSection
EndGlobal
