
Microsoft Visual Studio Solution File, Format Version 11.00
# Visual Studio 2010
Project("{FAE04EC0-301F-11D3-BF4B-00C04F79EFBC}") = "AnonymousMethods", "AnonymousMethods.csproj", "{1A1DD4FB-005B-4D13-9D0D-BBAF8376688C}"
EndProject
Global
	GlobalSection(SolutionConfigurationPlatforms) = preSolution
		Debug|Any CPU = Debug|Any CPU
		Release|Any CPU = Release|Any CPU
	EndGlobalSection
	GlobalSection(ProjectConfigurationPlatforms) = postSolution
		{1A1DD4FB-005B-4D13-9D0D-BBAF8376688C}.Debug|Any CPU.ActiveCfg = Debug|Any CPU
		{1A1DD4FB-005B-4D13-9D0D-BBAF8376688C}.Debug|Any CPU.Build.0 = Debug|Any CPU
		{1A1DD4FB-005B-4D13-9D0D-BBAF8376688C}.Release|Any CPU.ActiveCfg = Release|Any CPU
		{1A1DD4FB-005B-4D13-9D0D-BBAF8376688C}.Release|Any CPU.Build.0 = Release|Any CPU
	EndGlobalSection
	GlobalSection(SolutionProperties) = preSolution
		HideSolutionNode = FALSE
	EndGlobalSection
EndGlobal
