
Microsoft Visual Studio Solution File, Format Version 11.00
# Visual Studio 2010
Project("{FAE04EC0-301F-11D3-BF4B-00C04F79EFBC}") = "ComparingProgram", "ComparingProgram.csproj", "{EAE61831-6C09-49E5-9A9A-CB91A39BA14A}"
EndProject
Global
	GlobalSection(SolutionConfigurationPlatforms) = preSolution
		Debug|Any CPU = Debug|Any CPU
		Release|Any CPU = Release|Any CPU
	EndGlobalSection
	GlobalSection(ProjectConfigurationPlatforms) = postSolution
		{EAE61831-6C09-49E5-9A9A-CB91A39BA14A}.Debug|Any CPU.ActiveCfg = Debug|Any CPU
		{EAE61831-6C09-49E5-9A9A-CB91A39BA14A}.Debug|Any CPU.Build.0 = Debug|Any CPU
		{EAE61831-6C09-49E5-9A9A-CB91A39BA14A}.Release|Any CPU.ActiveCfg = Release|Any CPU
		{EAE61831-6C09-49E5-9A9A-CB91A39BA14A}.Release|Any CPU.Build.0 = Release|Any CPU
	EndGlobalSection
	GlobalSection(SolutionProperties) = preSolution
		HideSolutionNode = FALSE
	EndGlobalSection
EndGlobal
